
Microsoft Visual Studio Solution File, Format Version 12.00
# Visual Studio Version 16
VisualStudioVersion = 16.0.31019.35
MinimumVisualStudioVersion = 10.0.40219.1
Project("{FAE04EC0-301F-11D3-BF4B-00C04F79EFBC}") = "Algorithms_lab_4", "Algorithms_lab_4\Algorithms_lab_4.csproj", "{6E474809-41CC-4669-82C2-9C8DE72B9043}"
EndProject
Project("{FAE04EC0-301F-11D3-BF4B-00C04F79EFBC}") = "Algorithms_lab_4_1", "Algorithms_lab_4_1\Algorithms_lab_4_1.csproj", "{792EA892-B18D-420B-8C3C-7D0AD5CA9D8D}"
EndProject
Global
	GlobalSection(SolutionConfigurationPlatforms) = preSolution
		Debug|Any CPU = Debug|Any CPU
		Release|Any CPU = Release|Any CPU
	EndGlobalSection
	GlobalSection(ProjectConfigurationPlatforms) = postSolution
		{6E474809-41CC-4669-82C2-9C8DE72B9043}.Debug|Any CPU.ActiveCfg = Debug|Any CPU
		{6E474809-41CC-4669-82C2-9C8DE72B9043}.Debug|Any CPU.Build.0 = Debug|Any CPU
		{6E474809-41CC-4669-82C2-9C8DE72B9043}.Release|Any CPU.ActiveCfg = Release|Any CPU
		{6E474809-41CC-4669-82C2-9C8DE72B9043}.Release|Any CPU.Build.0 = Release|Any CPU
		{792EA892-B18D-420B-8C3C-7D0AD5CA9D8D}.Debug|Any CPU.ActiveCfg = Debug|Any CPU
		{792EA892-B18D-420B-8C3C-7D0AD5CA9D8D}.Debug|Any CPU.Build.0 = Debug|Any CPU
		{792EA892-B18D-420B-8C3C-7D0AD5CA9D8D}.Release|Any CPU.ActiveCfg = Release|Any CPU
		{792EA892-B18D-420B-8C3C-7D0AD5CA9D8D}.Release|Any CPU.Build.0 = Release|Any CPU
	EndGlobalSection
	GlobalSection(SolutionProperties) = preSolution
		HideSolutionNode = FALSE
	EndGlobalSection
	GlobalSection(ExtensibilityGlobals) = postSolution
		SolutionGuid = {7539C796-768E-49C8-AB63-34436506201E}
	EndGlobalSection
EndGlobal
